// !$*UTF8*$!
{
	archiveVersion = 1;
	classes = {
	};
	objectVersion = 56;
	objects = {

/* Begin PBXBuildFile section */
		BAB8B4C12C7A1EBC00094339 /* FoodDeliveryAdminApp.swift in Sources */ = {isa = PBXBuildFile; fileRef = BAB8B4C02C7A1EBC00094339 /* FoodDeliveryAdminApp.swift */; };
		BAB8B4C32C7A1EBC00094339 /* ContentView.swift in Sources */ = {isa = PBXBuildFile; fileRef = BAB8B4C22C7A1EBC00094339 /* ContentView.swift */; };
		BAB8B4C52C7A1EBD00094339 /* Assets.xcassets in Resources */ = {isa = PBXBuildFile; fileRef = BAB8B4C42C7A1EBD00094339 /* Assets.xcassets */; };
		BAB8B4C82C7A1EBD00094339 /* Preview Assets.xcassets in Resources */ = {isa = PBXBuildFile; fileRef = BAB8B4C72C7A1EBD00094339 /* Preview Assets.xcassets */; };
		BAB8B4D22C7A1EBE00094339 /* FoodDeliveryAdminTests.swift in Sources */ = {isa = PBXBuildFile; fileRef = BAB8B4D12C7A1EBE00094339 /* FoodDeliveryAdminTests.swift */; };
		BAB8B4DC2C7A1EBE00094339 /* FoodDeliveryAdminUITests.swift in Sources */ = {isa = PBXBuildFile; fileRef = BAB8B4DB2C7A1EBE00094339 /* FoodDeliveryAdminUITests.swift */; };
		BAB8B4DE2C7A1EBE00094339 /* FoodDeliveryAdminUITestsLaunchTests.swift in Sources */ = {isa = PBXBuildFile; fileRef = BAB8B4DD2C7A1EBE00094339 /* FoodDeliveryAdminUITestsLaunchTests.swift */; };
/* End PBXBuildFile section */

/* Begin PBXContainerItemProxy section */
		BAB8B4CE2C7A1EBE00094339 /* PBXContainerItemProxy */ = {
			isa = PBXContainerItemProxy;
			containerPortal = BAB8B4B52C7A1EBC00094339 /* Project object */;
			proxyType = 1;
			remoteGlobalIDString = BAB8B4BC2C7A1EBC00094339;
			remoteInfo = FoodDeliveryAdmin;
		};
		BAB8B4D82C7A1EBE00094339 /* PBXContainerItemProxy */ = {
			isa = PBXContainerItemProxy;
			containerPortal = BAB8B4B52C7A1EBC00094339 /* Project object */;
			proxyType = 1;
			remoteGlobalIDString = BAB8B4BC2C7A1EBC00094339;
			remoteInfo = FoodDeliveryAdmin;
		};
/* End PBXContainerItemProxy section */

/* Begin PBXFileReference section */
		BAB8B4BD2C7A1EBC00094339 /* FoodDeliveryAdmin.app */ = {isa = PBXFileReference; explicitFileType = wrapper.application; includeInIndex = 0; path = FoodDeliveryAdmin.app; sourceTree = BUILT_PRODUCTS_DIR; };
		BAB8B4C02C7A1EBC00094339 /* FoodDeliveryAdminApp.swift */ = {isa = PBXFileReference; lastKnownFileType = sourcecode.swift; path = FoodDeliveryAdminApp.swift; sourceTree = "<group>"; };
		BAB8B4C22C7A1EBC00094339 /* ContentView.swift */ = {isa = PBXFileReference; lastKnownFileType = sourcecode.swift; path = ContentView.swift; sourceTree = "<group>"; };
		BAB8B4C42C7A1EBD00094339 /* Assets.xcassets */ = {isa = PBXFileReference; lastKnownFileType = folder.assetcatalog; path = Assets.xcassets; sourceTree = "<group>"; };
		BAB8B4C72C7A1EBD00094339 /* Preview Assets.xcassets */ = {isa = PBXFileReference; lastKnownFileType = folder.assetcatalog; path = "Preview Assets.xcassets"; sourceTree = "<group>"; };
		BAB8B4CD2C7A1EBE00094339 /* FoodDeliveryAdminTests.xctest */ = {isa = PBXFileReference; explicitFileType = wrapper.cfbundle; includeInIndex = 0; path = FoodDeliveryAdminTests.xctest; sourceTree = BUILT_PRODUCTS_DIR; };
		BAB8B4D12C7A1EBE00094339 /* FoodDeliveryAdminTests.swift */ = {isa = PBXFileReference; lastKnownFileType = sourcecode.swift; path = FoodDeliveryAdminTests.swift; sourceTree = "<group>"; };
		BAB8B4D72C7A1EBE00094339 /* FoodDeliveryAdminUITests.xctest */ = {isa = PBXFileReference; explicitFileType = wrapper.cfbundle; includeInIndex = 0; path = FoodDeliveryAdminUITests.xctest; sourceTree = BUILT_PRODUCTS_DIR; };
		BAB8B4DB2C7A1EBE00094339 /* FoodDeliveryAdminUITests.swift */ = {isa = PBXFileReference; lastKnownFileType = sourcecode.swift; path = FoodDeliveryAdminUITests.swift; sourceTree = "<group>"; };
		BAB8B4DD2C7A1EBE00094339 /* FoodDeliveryAdminUITestsLaunchTests.swift */ = {isa = PBXFileReference; lastKnownFileType = sourcecode.swift; path = FoodDeliveryAdminUITestsLaunchTests.swift; sourceTree = "<group>"; };
/* End PBXFileReference section */

/* Begin PBXFrameworksBuildPhase section */
		BAB8B4BA2C7A1EBC00094339 /* Frameworks */ = {
			isa = PBXFrameworksBuildPhase;
			buildActionMask = 2147483647;
			files = (
			);
			runOnlyForDeploymentPostprocessing = 0;
		};
		BAB8B4CA2C7A1EBE00094339 /* Frameworks */ = {
			isa = PBXFrameworksBuildPhase;
			buildActionMask = 2147483647;
			files = (
			);
			runOnlyForDeploymentPostprocessing = 0;
		};
		BAB8B4D42C7A1EBE00094339 /* Frameworks */ = {
			isa = PBXFrameworksBuildPhase;
			buildActionMask = 2147483647;
			files = (
			);
			runOnlyForDeploymentPostprocessing = 0;
		};
/* End PBXFrameworksBuildPhase section */

/* Begin PBXGroup section */
		BAB8B4B42C7A1EBC00094339 = {
			isa = PBXGroup;
			children = (
				BAB8B4BF2C7A1EBC00094339 /* FoodDeliveryAdmin */,
				BAB8B4D02C7A1EBE00094339 /* FoodDeliveryAdminTests */,
				BAB8B4DA2C7A1EBE00094339 /* FoodDeliveryAdminUITests */,
				BAB8B4BE2C7A1EBC00094339 /* Products */,
			);
			sourceTree = "<group>";
		};
		BAB8B4BE2C7A1EBC00094339 /* Products */ = {
			isa = PBXGroup;
			children = (
				BAB8B4BD2C7A1EBC00094339 /* FoodDeliveryAdmin.app */,
				BAB8B4CD2C7A1EBE00094339 /* FoodDeliveryAdminTests.xctest */,
				BAB8B4D72C7A1EBE00094339 /* FoodDeliveryAdminUITests.xctest */,
			);
			name = Products;
			sourceTree = "<group>";
		};
		BAB8B4BF2C7A1EBC00094339 /* FoodDeliveryAdmin */ = {
			isa = PBXGroup;
			children = (
				BAB8B4C02C7A1EBC00094339 /* FoodDeliveryAdminApp.swift */,
				BAB8B4C22C7A1EBC00094339 /* ContentView.swift */,
				BAB8B4C42C7A1EBD00094339 /* Assets.xcassets */,
				BAB8B4C62C7A1EBD00094339 /* Preview Content */,
			);
			path = FoodDeliveryAdmin;
			sourceTree = "<group>";
		};
		BAB8B4C62C7A1EBD00094339 /* Preview Content */ = {
			isa = PBXGroup;
			children = (
				BAB8B4C72C7A1EBD00094339 /* Preview Assets.xcassets */,
			);
			path = "Preview Content";
			sourceTree = "<group>";
		};
		BAB8B4D02C7A1EBE00094339 /* FoodDeliveryAdminTests */ = {
			isa = PBXGroup;
			children = (
				BAB8B4D12C7A1EBE00094339 /* FoodDeliveryAdminTests.swift */,
			);
			path = FoodDeliveryAdminTests;
			sourceTree = "<group>";
		};
		BAB8B4DA2C7A1EBE00094339 /* FoodDeliveryAdminUITests */ = {
			isa = PBXGroup;
			children = (
				BAB8B4DB2C7A1EBE00094339 /* FoodDeliveryAdminUITests.swift */,
				BAB8B4DD2C7A1EBE00094339 /* FoodDeliveryAdminUITestsLaunchTests.swift */,
			);
			path = FoodDeliveryAdminUITests;
			sourceTree = "<group>";
		};
/* End PBXGroup section */

/* Begin PBXNativeTarget section */
		BAB8B4BC2C7A1EBC00094339 /* FoodDeliveryAdmin */ = {
			isa = PBXNativeTarget;
			buildConfigurationList = BAB8B4E12C7A1EBE00094339 /* Build configuration list for PBXNativeTarget "FoodDeliveryAdmin" */;
			buildPhases = (
				BAB8B4B92C7A1EBC00094339 /* Sources */,
				BAB8B4BA2C7A1EBC00094339 /* Frameworks */,
				BAB8B4BB2C7A1EBC00094339 /* Resources */,
			);
			buildRules = (
			);
			dependencies = (
			);
			name = FoodDeliveryAdmin;
			productName = FoodDeliveryAdmin;
			productReference = BAB8B4BD2C7A1EBC00094339 /* FoodDeliveryAdmin.app */;
			productType = "com.apple.product-type.application";
		};
		BAB8B4CC2C7A1EBE00094339 /* FoodDeliveryAdminTests */ = {
			isa = PBXNativeTarget;
			buildConfigurationList = BAB8B4E42C7A1EBE00094339 /* Build configuration list for PBXNativeTarget "FoodDeliveryAdminTests" */;
			buildPhases = (
				BAB8B4C92C7A1EBE00094339 /* Sources */,
				BAB8B4CA2C7A1EBE00094339 /* Frameworks */,
				BAB8B4CB2C7A1EBE00094339 /* Resources */,
			);
			buildRules = (
			);
			dependencies = (
				BAB8B4CF2C7A1EBE00094339 /* PBXTargetDependency */,
			);
			name = FoodDeliveryAdminTests;
			productName = FoodDeliveryAdminTests;
			productReference = BAB8B4CD2C7A1EBE00094339 /* FoodDeliveryAdminTests.xctest */;
			productType = "com.apple.product-type.bundle.unit-test";
		};
		BAB8B4D62C7A1EBE00094339 /* FoodDeliveryAdminUITests */ = {
			isa = PBXNativeTarget;
			buildConfigurationList = BAB8B4E72C7A1EBE00094339 /* Build configuration list for PBXNativeTarget "FoodDeliveryAdminUITests" */;
			buildPhases = (
				BAB8B4D32C7A1EBE00094339 /* Sources */,
				BAB8B4D42C7A1EBE00094339 /* Frameworks */,
				BAB8B4D52C7A1EBE00094339 /* Resources */,
			);
			buildRules = (
			);
			dependencies = (
				BAB8B4D92C7A1EBE00094339 /* PBXTargetDependency */,
			);
			name = FoodDeliveryAdminUITests;
			productName = FoodDeliveryAdminUITests;
			productReference = BAB8B4D72C7A1EBE00094339 /* FoodDeliveryAdminUITests.xctest */;
			productType = "com.apple.product-type.bundle.ui-testing";
		};
/* End PBXNativeTarget section */

/* Begin PBXProject section */
		BAB8B4B52C7A1EBC00094339 /* Project object */ = {
			isa = PBXProject;
			attributes = {
				BuildIndependentTargetsInParallel = 1;
				LastSwiftUpdateCheck = 1540;
				LastUpgradeCheck = 1540;
				TargetAttributes = {
					BAB8B4BC2C7A1EBC00094339 = {
						CreatedOnToolsVersion = 15.4;
					};
					BAB8B4CC2C7A1EBE00094339 = {
						CreatedOnToolsVersion = 15.4;
						TestTargetID = BAB8B4BC2C7A1EBC00094339;
					};
					BAB8B4D62C7A1EBE00094339 = {
						CreatedOnToolsVersion = 15.4;
						TestTargetID = BAB8B4BC2C7A1EBC00094339;
					};
				};
			};
			buildConfigurationList = BAB8B4B82C7A1EBC00094339 /* Build configuration list for PBXProject "FoodDeliveryAdmin" */;
			compatibilityVersion = "Xcode 14.0";
			developmentRegion = en;
			hasScannedForEncodings = 0;
			knownRegions = (
				en,
				Base,
			);
			mainGroup = BAB8B4B42C7A1EBC00094339;
			productRefGroup = BAB8B4BE2C7A1EBC00094339 /* Products */;
			projectDirPath = "";
			projectRoot = "";
			targets = (
				BAB8B4BC2C7A1EBC00094339 /* FoodDeliveryAdmin */,
				BAB8B4CC2C7A1EBE00094339 /* FoodDeliveryAdminTests */,
				BAB8B4D62C7A1EBE00094339 /* FoodDeliveryAdminUITests */,
			);
		};
/* End PBXProject section */

/* Begin PBXResourcesBuildPhase section */
		BAB8B4BB2C7A1EBC00094339 /* Resources */ = {
			isa = PBXResourcesBuildPhase;
			buildActionMask = 2147483647;
			files = (
				BAB8B4C82C7A1EBD00094339 /* Preview Assets.xcassets in Resources */,
				BAB8B4C52C7A1EBD00094339 /* Assets.xcassets in Resources */,
			);
			runOnlyForDeploymentPostprocessing = 0;
		};
		BAB8B4CB2C7A1EBE00094339 /* Resources */ = {
			isa = PBXResourcesBuildPhase;
			buildActionMask = 2147483647;
			files = (
			);
			runOnlyForDeploymentPostprocessing = 0;
		};
		BAB8B4D52C7A1EBE00094339 /* Resources */ = {
			isa = PBXResourcesBuildPhase;
			buildActionMask = 2147483647;
			files = (
			);
			runOnlyForDeploymentPostprocessing = 0;
		};
/* End PBXResourcesBuildPhase section */

/* Begin PBXSourcesBuildPhase section */
		BAB8B4B92C7A1EBC00094339 /* Sources */ = {
			isa = PBXSourcesBuildPhase;
			buildActionMask = 2147483647;
			files = (
				BAB8B4C32C7A1EBC00094339 /* ContentView.swift in Sources */,
				BAB8B4C12C7A1EBC00094339 /* FoodDeliveryAdminApp.swift in Sources */,
			);
			runOnlyForDeploymentPostprocessing = 0;
		};
		BAB8B4C92C7A1EBE00094339 /* Sources */ = {
			isa = PBXSourcesBuildPhase;
			buildActionMask = 2147483647;
			files = (
				BAB8B4D22C7A1EBE00094339 /* FoodDeliveryAdminTests.swift in Sources */,
			);
			runOnlyForDeploymentPostprocessing = 0;
		};
		BAB8B4D32C7A1EBE00094339 /* Sources */ = {
			isa = PBXSourcesBuildPhase;
			buildActionMask = 2147483647;
			files = (
				BAB8B4DE2C7A1EBE00094339 /* FoodDeliveryAdminUITestsLaunchTests.swift in Sources */,
				BAB8B4DC2C7A1EBE00094339 /* FoodDeliveryAdminUITests.swift in Sources */,
			);
			runOnlyForDeploymentPostprocessing = 0;
		};
/* End PBXSourcesBuildPhase section */

/* Begin PBXTargetDependency section */
		BAB8B4CF2C7A1EBE00094339 /* PBXTargetDependency */ = {
			isa = PBXTargetDependency;
			target = BAB8B4BC2C7A1EBC00094339 /* FoodDeliveryAdmin */;
			targetProxy = BAB8B4CE2C7A1EBE00094339 /* PBXContainerItemProxy */;
		};
		BAB8B4D92C7A1EBE00094339 /* PBXTargetDependency */ = {
			isa = PBXTargetDependency;
			target = BAB8B4BC2C7A1EBC00094339 /* FoodDeliveryAdmin */;
			targetProxy = BAB8B4D82C7A1EBE00094339 /* PBXContainerItemProxy */;
		};
/* End PBXTargetDependency section */

/* Begin XCBuildConfiguration section */
		BAB8B4DF2C7A1EBE00094339 /* Debug */ = {
			isa = XCBuildConfiguration;
			buildSettings = {
				ALWAYS_SEARCH_USER_PATHS = NO;
				ASSETCATALOG_COMPILER_GENERATE_SWIFT_ASSET_SYMBOL_EXTENSIONS = YES;
				CLANG_ANALYZER_NONNULL = YES;
				CLANG_ANALYZER_NUMBER_OBJECT_CONVERSION = YES_AGGRESSIVE;
				CLANG_CXX_LANGUAGE_STANDARD = "gnu++20";
				CLANG_ENABLE_MODULES = YES;
				CLANG_ENABLE_OBJC_ARC = YES;
				CLANG_ENABLE_OBJC_WEAK = YES;
				CLANG_WARN_BLOCK_CAPTURE_AUTORELEASING = YES;
				CLANG_WARN_BOOL_CONVERSION = YES;
				CLANG_WARN_COMMA = YES;
				CLANG_WARN_CONSTANT_CONVERSION = YES;
				CLANG_WARN_DEPRECATED_OBJC_IMPLEMENTATIONS = YES;
				CLANG_WARN_DIRECT_OBJC_ISA_USAGE = YES_ERROR;
				CLANG_WARN_DOCUMENTATION_COMMENTS = YES;
				CLANG_WARN_EMPTY_BODY = YES;
				CLANG_WARN_ENUM_CONVERSION = YES;
				CLANG_WARN_INFINITE_RECURSION = YES;
				CLANG_WARN_INT_CONVERSION = YES;
				CLANG_WARN_NON_LITERAL_NULL_CONVERSION = YES;
				CLANG_WARN_OBJC_IMPLICIT_RETAIN_SELF = YES;
				CLANG_WARN_OBJC_LITERAL_CONVERSION = YES;
				CLANG_WARN_OBJC_ROOT_CLASS = YES_ERROR;
				CLANG_WARN_QUOTED_INCLUDE_IN_FRAMEWORK_HEADER = YES;
				CLANG_WARN_RANGE_LOOP_ANALYSIS = YES;
				CLANG_WARN_STRICT_PROTOTYPES = YES;
				CLANG_WARN_SUSPICIOUS_MOVE = YES;
				CLANG_WARN_UNGUARDED_AVAILABILITY = YES_AGGRESSIVE;
				CLANG_WARN_UNREACHABLE_CODE = YES;
				CLANG_WARN__DUPLICATE_METHOD_MATCH = YES;
				COPY_PHASE_STRIP = NO;
				DEBUG_INFORMATION_FORMAT = dwarf;
				ENABLE_STRICT_OBJC_MSGSEND = YES;
				ENABLE_TESTABILITY = YES;
				ENABLE_USER_SCRIPT_SANDBOXING = YES;
				GCC_C_LANGUAGE_STANDARD = gnu17;
				GCC_DYNAMIC_NO_PIC = NO;
				GCC_NO_COMMON_BLOCKS = YES;
				GCC_OPTIMIZATION_LEVEL = 0;
				GCC_PREPROCESSOR_DEFINITIONS = (
					"DEBUG=1",
					"$(inherited)",
				);
				GCC_WARN_64_TO_32_BIT_CONVERSION = YES;
				GCC_WARN_ABOUT_RETURN_TYPE = YES_ERROR;
				GCC_WARN_UNDECLARED_SELECTOR = YES;
				GCC_WARN_UNINITIALIZED_AUTOS = YES_AGGRESSIVE;
				GCC_WARN_UNUSED_FUNCTION = YES;
				GCC_WARN_UNUSED_VARIABLE = YES;
				IPHONEOS_DEPLOYMENT_TARGET = 17.5;
				LOCALIZATION_PREFERS_STRING_CATALOGS = YES;
				MTL_ENABLE_DEBUG_INFO = INCLUDE_SOURCE;
				MTL_FAST_MATH = YES;
				ONLY_ACTIVE_ARCH = YES;
				SDKROOT = iphoneos;
				SWIFT_ACTIVE_COMPILATION_CONDITIONS = "DEBUG $(inherited)";
				SWIFT_OPTIMIZATION_LEVEL = "-Onone";
			};
			name = Debug;
		};
		BAB8B4E02C7A1EBE00094339 /* Release */ = {
			isa = XCBuildConfiguration;
			buildSettings = {
				ALWAYS_SEARCH_USER_PATHS = NO;
				ASSETCATALOG_COMPILER_GENERATE_SWIFT_ASSET_SYMBOL_EXTENSIONS = YES;
				CLANG_ANALYZER_NONNULL = YES;
				CLANG_ANALYZER_NUMBER_OBJECT_CONVERSION = YES_AGGRESSIVE;
				CLANG_CXX_LANGUAGE_STANDARD = "gnu++20";
				CLANG_ENABLE_MODULES = YES;
				CLANG_ENABLE_OBJC_ARC = YES;
				CLANG_ENABLE_OBJC_WEAK = YES;
				CLANG_WARN_BLOCK_CAPTURE_AUTORELEASING = YES;
				CLANG_WARN_BOOL_CONVERSION = YES;
				CLANG_WARN_COMMA = YES;
				CLANG_WARN_CONSTANT_CONVERSION = YES;
				CLANG_WARN_DEPRECATED_OBJC_IMPLEMENTATIONS = YES;
				CLANG_WARN_DIRECT_OBJC_ISA_USAGE = YES_ERROR;
				CLANG_WARN_DOCUMENTATION_COMMENTS = YES;
				CLANG_WARN_EMPTY_BODY = YES;
				CLANG_WARN_ENUM_CONVERSION = YES;
				CLANG_WARN_INFINITE_RECURSION = YES;
				CLANG_WARN_INT_CONVERSION = YES;
				CLANG_WARN_NON_LITERAL_NULL_CONVERSION = YES;
				CLANG_WARN_OBJC_IMPLICIT_RETAIN_SELF = YES;
				CLANG_WARN_OBJC_LITERAL_CONVERSION = YES;
				CLANG_WARN_OBJC_ROOT_CLASS = YES_ERROR;
				CLANG_WARN_QUOTED_INCLUDE_IN_FRAMEWORK_HEADER = YES;
				CLANG_WARN_RANGE_LOOP_ANALYSIS = YES;
				CLANG_WARN_STRICT_PROTOTYPES = YES;
				CLANG_WARN_SUSPICIOUS_MOVE = YES;
				CLANG_WARN_UNGUARDED_AVAILABILITY = YES_AGGRESSIVE;
				CLANG_WARN_UNREACHABLE_CODE = YES;
				CLANG_WARN__DUPLICATE_METHOD_MATCH = YES;
				COPY_PHASE_STRIP = NO;
				DEBUG_INFORMATION_FORMAT = "dwarf-with-dsym";
				ENABLE_NS_ASSERTIONS = NO;
				ENABLE_STRICT_OBJC_MSGSEND = YES;
				ENABLE_USER_SCRIPT_SANDBOXING = YES;
				GCC_C_LANGUAGE_STANDARD = gnu17;
				GCC_NO_COMMON_BLOCKS = YES;
				GCC_WARN_64_TO_32_BIT_CONVERSION = YES;
				GCC_WARN_ABOUT_RETURN_TYPE = YES_ERROR;
				GCC_WARN_UNDECLARED_SELECTOR = YES;
				GCC_WARN_UNINITIALIZED_AUTOS = YES_AGGRESSIVE;
				GCC_WARN_UNUSED_FUNCTION = YES;
				GCC_WARN_UNUSED_VARIABLE = YES;
				IPHONEOS_DEPLOYMENT_TARGET = 17.5;
				LOCALIZATION_PREFERS_STRING_CATALOGS = YES;
				MTL_ENABLE_DEBUG_INFO = NO;
				MTL_FAST_MATH = YES;
				SDKROOT = iphoneos;
				SWIFT_COMPILATION_MODE = wholemodule;
				VALIDATE_PRODUCT = YES;
			};
			name = Release;
		};
		BAB8B4E22C7A1EBE00094339 /* Debug */ = {
			isa = XCBuildConfiguration;
			buildSettings = {
				ASSETCATALOG_COMPILER_APPICON_NAME = AppIcon;
				ASSETCATALOG_COMPILER_GLOBAL_ACCENT_COLOR_NAME = AccentColor;
				CODE_SIGN_STYLE = Automatic;
				CURRENT_PROJECT_VERSION = 1;
				DEVELOPMENT_ASSET_PATHS = "\"FoodDeliveryAdmin/Preview Content\"";
				DEVELOPMENT_TEAM = XGXH98SCV7;
				ENABLE_PREVIEWS = YES;
				GENERATE_INFOPLIST_FILE = YES;
				INFOPLIST_KEY_UIApplicationSceneManifest_Generation = YES;
				INFOPLIST_KEY_UIApplicationSupportsIndirectInputEvents = YES;
				INFOPLIST_KEY_UILaunchScreen_Generation = YES;
				INFOPLIST_KEY_UISupportedInterfaceOrientations_iPad = "UIInterfaceOrientationPortrait UIInterfaceOrientationPortraitUpsideDown UIInterfaceOrientationLandscapeLeft UIInterfaceOrientationLandscapeRight";
				INFOPLIST_KEY_UISupportedInterfaceOrientations_iPhone = "UIInterfaceOrientationPortrait UIInterfaceOrientationLandscapeLeft UIInterfaceOrientationLandscapeRight";
				IPHONEOS_DEPLOYMENT_TARGET = 17.0;
				LD_RUNPATH_SEARCH_PATHS = (
					"$(inherited)",
					"@executable_path/Frameworks",
				);
				MARKETING_VERSION = 1.0;
				PRODUCT_BUNDLE_IDENTIFIER = FoodDelivery.FoodDeliveryAdmin;
				PRODUCT_NAME = "$(TARGET_NAME)";
				SWIFT_EMIT_LOC_STRINGS = YES;
				SWIFT_VERSION = 5.0;
				TARGETED_DEVICE_FAMILY = "1,2";
			};
			name = Debug;
		};
		BAB8B4E32C7A1EBE00094339 /* Release */ = {
			isa = XCBuildConfiguration;
			buildSettings = {
				ASSETCATALOG_COMPILER_APPICON_NAME = AppIcon;
				ASSETCATALOG_COMPILER_GLOBAL_ACCENT_COLOR_NAME = AccentColor;
				CODE_SIGN_STYLE = Automatic;
				CURRENT_PROJECT_VERSION = 1;
				DEVELOPMENT_ASSET_PATHS = "\"FoodDeliveryAdmin/Preview Content\"";
				DEVELOPMENT_TEAM = XGXH98SCV7;
				ENABLE_PREVIEWS = YES;
				GENERATE_INFOPLIST_FILE = YES;
				INFOPLIST_KEY_UIApplicationSceneManifest_Generation = YES;
				INFOPLIST_KEY_UIApplicationSupportsIndirectInputEvents = YES;
				INFOPLIST_KEY_UILaunchScreen_Generation = YES;
				INFOPLIST_KEY_UISupportedInterfaceOrientations_iPad = "UIInterfaceOrientationPortrait UIInterfaceOrientationPortraitUpsideDown UIInterfaceOrientationLandscapeLeft UIInterfaceOrientationLandscapeRight";
				INFOPLIST_KEY_UISupportedInterfaceOrientations_iPhone = "UIInterfaceOrientationPortrait UIInterfaceOrientationLandscapeLeft UIInterfaceOrientationLandscapeRight";
				IPHONEOS_DEPLOYMENT_TARGET = 17.0;
				LD_RUNPATH_SEARCH_PATHS = (
					"$(inherited)",
					"@executable_path/Frameworks",
				);
				MARKETING_VERSION = 1.0;
				PRODUCT_BUNDLE_IDENTIFIER = FoodDelivery.FoodDeliveryAdmin;
				PRODUCT_NAME = "$(TARGET_NAME)";
				SWIFT_EMIT_LOC_STRINGS = YES;
				SWIFT_VERSION = 5.0;
				TARGETED_DEVICE_FAMILY = "1,2";
			};
			name = Release;
		};
		BAB8B4E52C7A1EBE00094339 /* Debug */ = {
			isa = XCBuildConfiguration;
			buildSettings = {
				ALWAYS_EMBED_SWIFT_STANDARD_LIBRARIES = YES;
				BUNDLE_LOADER = "$(TEST_HOST)";
				CODE_SIGN_STYLE = Automatic;
				CURRENT_PROJECT_VERSION = 1;
				DEVELOPMENT_TEAM = XGXH98SCV7;
				GENERATE_INFOPLIST_FILE = YES;
				IPHONEOS_DEPLOYMENT_TARGET = 17.5;
				MARKETING_VERSION = 1.0;
				PRODUCT_BUNDLE_IDENTIFIER = FoodDelivery.FoodDeliveryAdminTests;
				PRODUCT_NAME = "$(TARGET_NAME)";
				SWIFT_EMIT_LOC_STRINGS = NO;
				SWIFT_VERSION = 5.0;
				TARGETED_DEVICE_FAMILY = "1,2";
				TEST_HOST = "$(BUILT_PRODUCTS_DIR)/FoodDeliveryAdmin.app/$(BUNDLE_EXECUTABLE_FOLDER_PATH)/FoodDeliveryAdmin";
			};
			name = Debug;
		};
		BAB8B4E62C7A1EBE00094339 /* Release */ = {
			isa = XCBuildConfiguration;
			buildSettings = {
				ALWAYS_EMBED_SWIFT_STANDARD_LIBRARIES = YES;
				BUNDLE_LOADER = "$(TEST_HOST)";
				CODE_SIGN_STYLE = Automatic;
				CURRENT_PROJECT_VERSION = 1;
				DEVELOPMENT_TEAM = XGXH98SCV7;
				GENERATE_INFOPLIST_FILE = YES;
				IPHONEOS_DEPLOYMENT_TARGET = 17.5;
				MARKETING_VERSION = 1.0;
				PRODUCT_BUNDLE_IDENTIFIER = FoodDelivery.FoodDeliveryAdminTests;
				PRODUCT_NAME = "$(TARGET_NAME)";
				SWIFT_EMIT_LOC_STRINGS = NO;
				SWIFT_VERSION = 5.0;
				TARGETED_DEVICE_FAMILY = "1,2";
				TEST_HOST = "$(BUILT_PRODUCTS_DIR)/FoodDeliveryAdmin.app/$(BUNDLE_EXECUTABLE_FOLDER_PATH)/FoodDeliveryAdmin";
			};
			name = Release;
		};
		BAB8B4E82C7A1EBE00094339 /* Debug */ = {
			isa = XCBuildConfiguration;
			buildSettings = {
				ALWAYS_EMBED_SWIFT_STANDARD_LIBRARIES = YES;
				CODE_SIGN_STYLE = Automatic;
				CURRENT_PROJECT_VERSION = 1;
				DEVELOPMENT_TEAM = XGXH98SCV7;
				GENERATE_INFOPLIST_FILE = YES;
				MARKETING_VERSION = 1.0;
				PRODUCT_BUNDLE_IDENTIFIER = FoodDelivery.FoodDeliveryAdminUITests;
				PRODUCT_NAME = "$(TARGET_NAME)";
				SWIFT_EMIT_LOC_STRINGS = NO;
				SWIFT_VERSION = 5.0;
				TARGETED_DEVICE_FAMILY = "1,2";
				TEST_TARGET_NAME = FoodDeliveryAdmin;
			};
			name = Debug;
		};
		BAB8B4E92C7A1EBE00094339 /* Release */ = {
			isa = XCBuildConfiguration;
			buildSettings = {
				ALWAYS_EMBED_SWIFT_STANDARD_LIBRARIES = YES;
				CODE_SIGN_STYLE = Automatic;
				CURRENT_PROJECT_VERSION = 1;
				DEVELOPMENT_TEAM = XGXH98SCV7;
				GENERATE_INFOPLIST_FILE = YES;
				MARKETING_VERSION = 1.0;
				PRODUCT_BUNDLE_IDENTIFIER = FoodDelivery.FoodDeliveryAdminUITests;
				PRODUCT_NAME = "$(TARGET_NAME)";
				SWIFT_EMIT_LOC_STRINGS = NO;
				SWIFT_VERSION = 5.0;
				TARGETED_DEVICE_FAMILY = "1,2";
				TEST_TARGET_NAME = FoodDeliveryAdmin;
			};
			name = Release;
		};
/* End XCBuildConfiguration section */

/* Begin XCConfigurationList section */
		BAB8B4B82C7A1EBC00094339 /* Build configuration list for PBXProject "FoodDeliveryAdmin" */ = {
			isa = XCConfigurationList;
			buildConfigurations = (
				BAB8B4DF2C7A1EBE00094339 /* Debug */,
				BAB8B4E02C7A1EBE00094339 /* Release */,
			);
			defaultConfigurationIsVisible = 0;
			defaultConfigurationName = Release;
		};
		BAB8B4E12C7A1EBE00094339 /* Build configuration list for PBXNativeTarget "FoodDeliveryAdmin" */ = {
			isa = XCConfigurationList;
			buildConfigurations = (
				BAB8B4E22C7A1EBE00094339 /* Debug */,
				BAB8B4E32C7A1EBE00094339 /* Release */,
			);
			defaultConfigurationIsVisible = 0;
			defaultConfigurationName = Release;
		};
		BAB8B4E42C7A1EBE00094339 /* Build configuration list for PBXNativeTarget "FoodDeliveryAdminTests" */ = {
			isa = XCConfigurationList;
			buildConfigurations = (
				BAB8B4E52C7A1EBE00094339 /* Debug */,
				BAB8B4E62C7A1EBE00094339 /* Release */,
			);
			defaultConfigurationIsVisible = 0;
			defaultConfigurationName = Release;
		};
		BAB8B4E72C7A1EBE00094339 /* Build configuration list for PBXNativeTarget "FoodDeliveryAdminUITests" */ = {
			isa = XCConfigurationList;
			buildConfigurations = (
				BAB8B4E82C7A1EBE00094339 /* Debug */,
				BAB8B4E92C7A1EBE00094339 /* Release */,
			);
			defaultConfigurationIsVisible = 0;
			defaultConfigurationName = Release;
		};
/* End XCConfigurationList section */
	};
	rootObject = BAB8B4B52C7A1EBC00094339 /* Project object */;
}
